
Microsoft Visual Studio Solution File, Format Version 11.00
# Visual Studio 2010
Project("{FAE04EC0-301F-11D3-BF4B-00C04F79EFBC}") = "Expanding Space", "Assembly-CSharp-firstpass.csproj", "{8BC5ABC5-B8E2-20B7-7FEB-714FA2F1124C}"
EndProject
Project("{FAE04EC0-301F-11D3-BF4B-00C04F79EFBC}") = "Expanding Space", "Assembly-CSharp.csproj", "{1FE21E38-E28F-D5C5-E417-18C8D72F67E2}"
EndProject
Project("{FAE04EC0-301F-11D3-BF4B-00C04F79EFBC}") = "Expanding Space", "Assembly-CSharp-Editor-firstpass.csproj", "{B2F696F0-A271-6F8C-3556-4FC454EF4135}"
EndProject
Project("{FAE04EC0-301F-11D3-BF4B-00C04F79EFBC}") = "Expanding Space", "Assembly-CSharp-Editor.csproj", "{443B90E4-2B1D-DDAE-D6A3-609FE24A8B99}"
EndProject
Global
	GlobalSection(SolutionConfigurationPlatforms) = preSolution
		Debug|Any CPU = Debug|Any CPU
		Release|Any CPU = Release|Any CPU
	EndGlobalSection
	GlobalSection(ProjectConfigurationPlatforms) = postSolution
		{8BC5ABC5-B8E2-20B7-7FEB-714FA2F1124C}.Debug|Any CPU.ActiveCfg = Debug|Any CPU
		{8BC5ABC5-B8E2-20B7-7FEB-714FA2F1124C}.Debug|Any CPU.Build.0 = Debug|Any CPU
		{8BC5ABC5-B8E2-20B7-7FEB-714FA2F1124C}.Release|Any CPU.ActiveCfg = Release|Any CPU
		{8BC5ABC5-B8E2-20B7-7FEB-714FA2F1124C}.Release|Any CPU.Build.0 = Release|Any CPU
		{1FE21E38-E28F-D5C5-E417-18C8D72F67E2}.Debug|Any CPU.ActiveCfg = Debug|Any CPU
		{1FE21E38-E28F-D5C5-E417-18C8D72F67E2}.Debug|Any CPU.Build.0 = Debug|Any CPU
		{1FE21E38-E28F-D5C5-E417-18C8D72F67E2}.Release|Any CPU.ActiveCfg = Release|Any CPU
		{1FE21E38-E28F-D5C5-E417-18C8D72F67E2}.Release|Any CPU.Build.0 = Release|Any CPU
		{B2F696F0-A271-6F8C-3556-4FC454EF4135}.Debug|Any CPU.ActiveCfg = Debug|Any CPU
		{B2F696F0-A271-6F8C-3556-4FC454EF4135}.Debug|Any CPU.Build.0 = Debug|Any CPU
		{B2F696F0-A271-6F8C-3556-4FC454EF4135}.Release|Any CPU.ActiveCfg = Release|Any CPU
		{B2F696F0-A271-6F8C-3556-4FC454EF4135}.Release|Any CPU.Build.0 = Release|Any CPU
		{443B90E4-2B1D-DDAE-D6A3-609FE24A8B99}.Debug|Any CPU.ActiveCfg = Debug|Any CPU
		{443B90E4-2B1D-DDAE-D6A3-609FE24A8B99}.Debug|Any CPU.Build.0 = Debug|Any CPU
		{443B90E4-2B1D-DDAE-D6A3-609FE24A8B99}.Release|Any CPU.ActiveCfg = Release|Any CPU
		{443B90E4-2B1D-DDAE-D6A3-609FE24A8B99}.Release|Any CPU.Build.0 = Release|Any CPU
	EndGlobalSection
	GlobalSection(SolutionProperties) = preSolution
		HideSolutionNode = FALSE
	EndGlobalSection
	GlobalSection(MonoDevelopProperties) = preSolution
		StartupItem = Assembly-CSharp.csproj
	EndGlobalSection
EndGlobal
